
Microsoft Visual Studio Solution File, Format Version 12.00
# Visual Studio Version 17
VisualStudioVersion = 17.3.32804.467
MinimumVisualStudioVersion = 10.0.40219.1
Project("{8BC9CEB8-8B4A-11D0-8D11-00A0C91BC942}") = "Trabalho-estrutura-estacionamento", "Trabalho-estrutura-estacionamento\Trabalho-estrutura-estacionamento.vcxproj", "{66B23092-C41B-4C46-8E3A-1DB64AA02156}"
EndProject
Global
	GlobalSection(SolutionConfigurationPlatforms) = preSolution
		Debug|x64 = Debug|x64
		Debug|x86 = Debug|x86
		Release|x64 = Release|x64
		Release|x86 = Release|x86
	EndGlobalSection
	GlobalSection(ProjectConfigurationPlatforms) = postSolution
		{66B23092-C41B-4C46-8E3A-1DB64AA02156}.Debug|x64.ActiveCfg = Debug|x64
		{66B23092-C41B-4C46-8E3A-1DB64AA02156}.Debug|x64.Build.0 = Debug|x64
		{66B23092-C41B-4C46-8E3A-1DB64AA02156}.Debug|x86.ActiveCfg = Debug|Win32
		{66B23092-C41B-4C46-8E3A-1DB64AA02156}.Debug|x86.Build.0 = Debug|Win32
		{66B23092-C41B-4C46-8E3A-1DB64AA02156}.Release|x64.ActiveCfg = Release|x64
		{66B23092-C41B-4C46-8E3A-1DB64AA02156}.Release|x64.Build.0 = Release|x64
		{66B23092-C41B-4C46-8E3A-1DB64AA02156}.Release|x86.ActiveCfg = Release|Win32
		{66B23092-C41B-4C46-8E3A-1DB64AA02156}.Release|x86.Build.0 = Release|Win32
	EndGlobalSection
	GlobalSection(SolutionProperties) = preSolution
		HideSolutionNode = FALSE
	EndGlobalSection
	GlobalSection(ExtensibilityGlobals) = postSolution
		SolutionGuid = {12AE59D3-4058-4C65-A392-8A89D97B1F66}
	EndGlobalSection
EndGlobal
